
Microsoft Visual Studio Solution File, Format Version 12.00
# Visual Studio Version 17
VisualStudioVersion = 17.13.35818.85
MinimumVisualStudioVersion = 10.0.40219.1
Project("{FAE04EC0-301F-11D3-BF4B-00C04F79EFBC}") = "dotnet9-jwt-concept", "dotnet9-jwt-concept.csproj", "{F6BD08E1-4272-4806-ABD1-7152BFFD13C2}"
EndProject
Project("{2150E333-8FDC-42A3-9474-1A3956D46DE8}") = "Solution Items", "Solution Items", "{8EC462FD-D22E-90A8-E5CE-7E832BA40C5D}"
	ProjectSection(SolutionItems) = preProject
		Dockerfile.txt = Dockerfile.txt
		postgres.yml = postgres.yml
	EndProjectSection
EndProject
Global
	GlobalSection(SolutionConfigurationPlatforms) = preSolution
		Debug|Any CPU = Debug|Any CPU
		Release|Any CPU = Release|Any CPU
	EndGlobalSection
	GlobalSection(ProjectConfigurationPlatforms) = postSolution
		{F6BD08E1-4272-4806-ABD1-7152BFFD13C2}.Debug|Any CPU.ActiveCfg = Debug|Any CPU
		{F6BD08E1-4272-4806-ABD1-7152BFFD13C2}.Debug|Any CPU.Build.0 = Debug|Any CPU
		{F6BD08E1-4272-4806-ABD1-7152BFFD13C2}.Release|Any CPU.ActiveCfg = Release|Any CPU
		{F6BD08E1-4272-4806-ABD1-7152BFFD13C2}.Release|Any CPU.Build.0 = Release|Any CPU
	EndGlobalSection
	GlobalSection(SolutionProperties) = preSolution
		HideSolutionNode = FALSE
	EndGlobalSection
	GlobalSection(ExtensibilityGlobals) = postSolution
		SolutionGuid = {C0D1FF00-498B-4C01-ACA6-5D241C9A4812}
	EndGlobalSection
EndGlobal
